
Microsoft Visual Studio Solution File, Format Version 12.00
# Visual Studio Version 17
VisualStudioVersion = 17.7.34009.444
MinimumVisualStudioVersion = 10.0.40219.1
Project("{2150E333-8FDC-42A3-9474-1A3956D46DE8}") = "src", "src", "{A417EEEB-8EBF-42FE-B130-C8C43FF8605F}"
EndProject
Project("{9A19103F-16F7-4668-BE54-9A1E7A4F7556}") = "Domain", "NETForum.CleanArchitecture.Domain\Domain.csproj", "{8A9B183C-9CEC-4EC9-B609-99386F6773C3}"
EndProject
Project("{9A19103F-16F7-4668-BE54-9A1E7A4F7556}") = "Application", "Application\Application.csproj", "{B04C9BF7-5AB2-4B3D-A91A-4F1BDEBD2999}"
EndProject
Project("{9A19103F-16F7-4668-BE54-9A1E7A4F7556}") = "Infrastructure", "Infrastructure\Infrastructure.csproj", "{680EB955-8D8E-4E6B-AFC9-DC2102A0FEC6}"
EndProject
Project("{9A19103F-16F7-4668-BE54-9A1E7A4F7556}") = "Presentation", "Presentation\Presentation.csproj", "{0B1F6024-C06C-4C5E-A1DD-50245BF7ABA1}"
EndProject
Project("{9A19103F-16F7-4668-BE54-9A1E7A4F7556}") = "API", "API\API.csproj", "{CB30F8B1-37F9-44FF-9D90-3A0B30F8777C}"
EndProject
Project("{2150E333-8FDC-42A3-9474-1A3956D46DE8}") = "tests", "tests", "{6DF0EB50-B676-4E10-A463-B454194FF3E2}"
EndProject
Project("{9A19103F-16F7-4668-BE54-9A1E7A4F7556}") = "Domain.Tests", "Domain.Tests\Domain.Tests.csproj", "{6B24F519-726F-40EE-91A7-69E6B2A23F2B}"
EndProject
Project("{9A19103F-16F7-4668-BE54-9A1E7A4F7556}") = "Application.Tests", "Application.Tests\Application.Tests.csproj", "{B65B980D-929E-4C16-8474-10E0D672B379}"
EndProject
Project("{9A19103F-16F7-4668-BE54-9A1E7A4F7556}") = "Infrastructure.tests", "Infrastructure.tests\Infrastructure.tests.csproj", "{81AD7D03-55FF-417B-91F3-9C5F994021E7}"
EndProject
Project("{9A19103F-16F7-4668-BE54-9A1E7A4F7556}") = "Presentation.Tests", "Presentation.Tests\Presentation.Tests.csproj", "{64016B34-DE0F-4B91-A675-14F3526AC89C}"
EndProject
Project("{FAE04EC0-301F-11D3-BF4B-00C04F79EFBC}") = "API.Tests", "API.Tests\API.Tests.csproj", "{050D9ABD-A30D-46A2-B180-62DF3D3A2015}"
EndProject
Global
	GlobalSection(SolutionConfigurationPlatforms) = preSolution
		Debug|Any CPU = Debug|Any CPU
		Release|Any CPU = Release|Any CPU
	EndGlobalSection
	GlobalSection(ProjectConfigurationPlatforms) = postSolution
		{8A9B183C-9CEC-4EC9-B609-99386F6773C3}.Debug|Any CPU.ActiveCfg = Debug|Any CPU
		{8A9B183C-9CEC-4EC9-B609-99386F6773C3}.Debug|Any CPU.Build.0 = Debug|Any CPU
		{8A9B183C-9CEC-4EC9-B609-99386F6773C3}.Release|Any CPU.ActiveCfg = Release|Any CPU
		{8A9B183C-9CEC-4EC9-B609-99386F6773C3}.Release|Any CPU.Build.0 = Release|Any CPU
		{B04C9BF7-5AB2-4B3D-A91A-4F1BDEBD2999}.Debug|Any CPU.ActiveCfg = Debug|Any CPU
		{B04C9BF7-5AB2-4B3D-A91A-4F1BDEBD2999}.Debug|Any CPU.Build.0 = Debug|Any CPU
		{B04C9BF7-5AB2-4B3D-A91A-4F1BDEBD2999}.Release|Any CPU.ActiveCfg = Release|Any CPU
		{B04C9BF7-5AB2-4B3D-A91A-4F1BDEBD2999}.Release|Any CPU.Build.0 = Release|Any CPU
		{680EB955-8D8E-4E6B-AFC9-DC2102A0FEC6}.Debug|Any CPU.ActiveCfg = Debug|Any CPU
		{680EB955-8D8E-4E6B-AFC9-DC2102A0FEC6}.Debug|Any CPU.Build.0 = Debug|Any CPU
		{680EB955-8D8E-4E6B-AFC9-DC2102A0FEC6}.Release|Any CPU.ActiveCfg = Release|Any CPU
		{680EB955-8D8E-4E6B-AFC9-DC2102A0FEC6}.Release|Any CPU.Build.0 = Release|Any CPU
		{0B1F6024-C06C-4C5E-A1DD-50245BF7ABA1}.Debug|Any CPU.ActiveCfg = Debug|Any CPU
		{0B1F6024-C06C-4C5E-A1DD-50245BF7ABA1}.Debug|Any CPU.Build.0 = Debug|Any CPU
		{0B1F6024-C06C-4C5E-A1DD-50245BF7ABA1}.Release|Any CPU.ActiveCfg = Release|Any CPU
		{0B1F6024-C06C-4C5E-A1DD-50245BF7ABA1}.Release|Any CPU.Build.0 = Release|Any CPU
		{CB30F8B1-37F9-44FF-9D90-3A0B30F8777C}.Debug|Any CPU.ActiveCfg = Debug|Any CPU
		{CB30F8B1-37F9-44FF-9D90-3A0B30F8777C}.Debug|Any CPU.Build.0 = Debug|Any CPU
		{CB30F8B1-37F9-44FF-9D90-3A0B30F8777C}.Release|Any CPU.ActiveCfg = Release|Any CPU
		{CB30F8B1-37F9-44FF-9D90-3A0B30F8777C}.Release|Any CPU.Build.0 = Release|Any CPU
		{6B24F519-726F-40EE-91A7-69E6B2A23F2B}.Debug|Any CPU.ActiveCfg = Debug|Any CPU
		{6B24F519-726F-40EE-91A7-69E6B2A23F2B}.Debug|Any CPU.Build.0 = Debug|Any CPU
		{6B24F519-726F-40EE-91A7-69E6B2A23F2B}.Release|Any CPU.ActiveCfg = Release|Any CPU
		{6B24F519-726F-40EE-91A7-69E6B2A23F2B}.Release|Any CPU.Build.0 = Release|Any CPU
		{B65B980D-929E-4C16-8474-10E0D672B379}.Debug|Any CPU.ActiveCfg = Debug|Any CPU
		{B65B980D-929E-4C16-8474-10E0D672B379}.Debug|Any CPU.Build.0 = Debug|Any CPU
		{B65B980D-929E-4C16-8474-10E0D672B379}.Release|Any CPU.ActiveCfg = Release|Any CPU
		{B65B980D-929E-4C16-8474-10E0D672B379}.Release|Any CPU.Build.0 = Release|Any CPU
		{81AD7D03-55FF-417B-91F3-9C5F994021E7}.Debug|Any CPU.ActiveCfg = Debug|Any CPU
		{81AD7D03-55FF-417B-91F3-9C5F994021E7}.Debug|Any CPU.Build.0 = Debug|Any CPU
		{81AD7D03-55FF-417B-91F3-9C5F994021E7}.Release|Any CPU.ActiveCfg = Release|Any CPU
		{81AD7D03-55FF-417B-91F3-9C5F994021E7}.Release|Any CPU.Build.0 = Release|Any CPU
		{64016B34-DE0F-4B91-A675-14F3526AC89C}.Debug|Any CPU.ActiveCfg = Debug|Any CPU
		{64016B34-DE0F-4B91-A675-14F3526AC89C}.Debug|Any CPU.Build.0 = Debug|Any CPU
		{64016B34-DE0F-4B91-A675-14F3526AC89C}.Release|Any CPU.ActiveCfg = Release|Any CPU
		{64016B34-DE0F-4B91-A675-14F3526AC89C}.Release|Any CPU.Build.0 = Release|Any CPU
		{050D9ABD-A30D-46A2-B180-62DF3D3A2015}.Debug|Any CPU.ActiveCfg = Debug|Any CPU
		{050D9ABD-A30D-46A2-B180-62DF3D3A2015}.Debug|Any CPU.Build.0 = Debug|Any CPU
		{050D9ABD-A30D-46A2-B180-62DF3D3A2015}.Release|Any CPU.ActiveCfg = Release|Any CPU
		{050D9ABD-A30D-46A2-B180-62DF3D3A2015}.Release|Any CPU.Build.0 = Release|Any CPU
	EndGlobalSection
	GlobalSection(SolutionProperties) = preSolution
		HideSolutionNode = FALSE
	EndGlobalSection
	GlobalSection(NestedProjects) = preSolution
		{8A9B183C-9CEC-4EC9-B609-99386F6773C3} = {A417EEEB-8EBF-42FE-B130-C8C43FF8605F}
		{B04C9BF7-5AB2-4B3D-A91A-4F1BDEBD2999} = {A417EEEB-8EBF-42FE-B130-C8C43FF8605F}
		{680EB955-8D8E-4E6B-AFC9-DC2102A0FEC6} = {A417EEEB-8EBF-42FE-B130-C8C43FF8605F}
		{0B1F6024-C06C-4C5E-A1DD-50245BF7ABA1} = {A417EEEB-8EBF-42FE-B130-C8C43FF8605F}
		{CB30F8B1-37F9-44FF-9D90-3A0B30F8777C} = {A417EEEB-8EBF-42FE-B130-C8C43FF8605F}
		{6B24F519-726F-40EE-91A7-69E6B2A23F2B} = {6DF0EB50-B676-4E10-A463-B454194FF3E2}
		{B65B980D-929E-4C16-8474-10E0D672B379} = {6DF0EB50-B676-4E10-A463-B454194FF3E2}
		{81AD7D03-55FF-417B-91F3-9C5F994021E7} = {6DF0EB50-B676-4E10-A463-B454194FF3E2}
		{64016B34-DE0F-4B91-A675-14F3526AC89C} = {6DF0EB50-B676-4E10-A463-B454194FF3E2}
		{050D9ABD-A30D-46A2-B180-62DF3D3A2015} = {6DF0EB50-B676-4E10-A463-B454194FF3E2}
	EndGlobalSection
	GlobalSection(ExtensibilityGlobals) = postSolution
		SolutionGuid = {47E4FFEC-2CC8-45FF-85B4-8039747B9009}
	EndGlobalSection
EndGlobal
